
Microsoft Visual Studio Solution File, Format Version 9.00
# Visual Studio 2005
Project("{54435603-DBB4-11D2-8724-00A0C9A8B90C}") = "ceefee", "cftp.vdproj", "{590B7D69-0AA1-4EEA-AC40-54BB80327A11}"
EndProject
Global
	GlobalSection(SolutionConfigurationPlatforms) = preSolution
		Debug|Default = Debug|Default
		Release|Default = Release|Default
	EndGlobalSection
	GlobalSection(ProjectConfigurationPlatforms) = postSolution
		{590B7D69-0AA1-4EEA-AC40-54BB80327A11}.Debug|Default.ActiveCfg = Debug
		{590B7D69-0AA1-4EEA-AC40-54BB80327A11}.Debug|Default.Build.0 = Debug
		{590B7D69-0AA1-4EEA-AC40-54BB80327A11}.Release|Default.ActiveCfg = Release
		{590B7D69-0AA1-4EEA-AC40-54BB80327A11}.Release|Default.Build.0 = Release
	EndGlobalSection
	GlobalSection(SolutionProperties) = preSolution
		HideSolutionNode = FALSE
	EndGlobalSection
EndGlobal
